// !$*UTF8*$!
{
	archiveVersion = 1;
	classes = {
	};
	objectVersion = 50;
	objects = {

/* Begin PBXBuildFile section */
		4EEB18DB26C1565C0076CED1 /* main.m in Sources */ = {isa = PBXBuildFile; fileRef = 4EEB18DA26C1565C0076CED1 /* main.m */; };
		4EEB18E826C156C90076CED1 /* main.m in Sources */ = {isa = PBXBuildFile; fileRef = 4EEB18E726C156C90076CED1 /* main.m */; };
		4EEB18EE26C159140076CED1 /* Token.m in Sources */ = {isa = PBXBuildFile; fileRef = 4EEB18ED26C159140076CED1 /* Token.m */; };
		4EEB18F126C159FD0076CED1 /* Tokenizer.m in Sources */ = {isa = PBXBuildFile; fileRef = 4EEB18F026C159FD0076CED1 /* Tokenizer.m */; };
		4EEB18F426C160B00076CED1 /* Parser.m in Sources */ = {isa = PBXBuildFile; fileRef = 4EEB18F326C160B00076CED1 /* Parser.m */; };
		4EEB18F726C163140076CED1 /* AstNode.m in Sources */ = {isa = PBXBuildFile; fileRef = 4EEB18F626C163140076CED1 /* AstNode.m */; };
		4EEB18FA26C163E70076CED1 /* Statement.m in Sources */ = {isa = PBXBuildFile; fileRef = 4EEB18F926C163E70076CED1 /* Statement.m */; };
		4EEB18FD26C164110076CED1 /* Prog.m in Sources */ = {isa = PBXBuildFile; fileRef = 4EEB18FC26C164110076CED1 /* Prog.m */; };
		4EEB190026C1685F0076CED1 /* FunctionCall.m in Sources */ = {isa = PBXBuildFile; fileRef = 4EEB18FF26C1685F0076CED1 /* FunctionCall.m */; };
		4EEB190326C169690076CED1 /* FunctionDecl.m in Sources */ = {isa = PBXBuildFile; fileRef = 4EEB190226C169690076CED1 /* FunctionDecl.m */; };
		4EEB190626C16A300076CED1 /* FunctionBody.m in Sources */ = {isa = PBXBuildFile; fileRef = 4EEB190526C16A300076CED1 /* FunctionBody.m */; };
/* End PBXBuildFile section */

/* Begin PBXCopyFilesBuildPhase section */
		4EEB18D526C1565C0076CED1 /* CopyFiles */ = {
			isa = PBXCopyFilesBuildPhase;
			buildActionMask = 2147483647;
			dstPath = /usr/share/man/man1/;
			dstSubfolderSpec = 0;
			files = (
			);
			runOnlyForDeploymentPostprocessing = 1;
		};
		4EEB18E326C156C90076CED1 /* CopyFiles */ = {
			isa = PBXCopyFilesBuildPhase;
			buildActionMask = 2147483647;
			dstPath = /usr/share/man/man1/;
			dstSubfolderSpec = 0;
			files = (
			);
			runOnlyForDeploymentPostprocessing = 1;
		};
/* End PBXCopyFilesBuildPhase section */

/* Begin PBXFileReference section */
		4EEB18D726C1565C0076CED1 /* Craft-A-Language */ = {isa = PBXFileReference; explicitFileType = "compiled.mach-o.executable"; includeInIndex = 0; path = "Craft-A-Language"; sourceTree = BUILT_PRODUCTS_DIR; };
		4EEB18DA26C1565C0076CED1 /* main.m */ = {isa = PBXFileReference; lastKnownFileType = sourcecode.c.objc; path = main.m; sourceTree = "<group>"; };
		4EEB18E526C156C90076CED1 /* play01 */ = {isa = PBXFileReference; explicitFileType = "compiled.mach-o.executable"; includeInIndex = 0; path = play01; sourceTree = BUILT_PRODUCTS_DIR; };
		4EEB18E726C156C90076CED1 /* main.m */ = {isa = PBXFileReference; lastKnownFileType = sourcecode.c.objc; path = main.m; sourceTree = "<group>"; };
		4EEB18EC26C159140076CED1 /* Token.h */ = {isa = PBXFileReference; lastKnownFileType = sourcecode.c.h; path = Token.h; sourceTree = "<group>"; };
		4EEB18ED26C159140076CED1 /* Token.m */ = {isa = PBXFileReference; lastKnownFileType = sourcecode.c.objc; path = Token.m; sourceTree = "<group>"; };
		4EEB18EF26C159FD0076CED1 /* Tokenizer.h */ = {isa = PBXFileReference; lastKnownFileType = sourcecode.c.h; path = Tokenizer.h; sourceTree = "<group>"; };
		4EEB18F026C159FD0076CED1 /* Tokenizer.m */ = {isa = PBXFileReference; lastKnownFileType = sourcecode.c.objc; path = Tokenizer.m; sourceTree = "<group>"; };
		4EEB18F226C160B00076CED1 /* Parser.h */ = {isa = PBXFileReference; lastKnownFileType = sourcecode.c.h; path = Parser.h; sourceTree = "<group>"; };
		4EEB18F326C160B00076CED1 /* Parser.m */ = {isa = PBXFileReference; lastKnownFileType = sourcecode.c.objc; path = Parser.m; sourceTree = "<group>"; };
		4EEB18F526C163140076CED1 /* AstNode.h */ = {isa = PBXFileReference; lastKnownFileType = sourcecode.c.h; path = AstNode.h; sourceTree = "<group>"; };
		4EEB18F626C163140076CED1 /* AstNode.m */ = {isa = PBXFileReference; lastKnownFileType = sourcecode.c.objc; path = AstNode.m; sourceTree = "<group>"; };
		4EEB18F826C163E70076CED1 /* Statement.h */ = {isa = PBXFileReference; lastKnownFileType = sourcecode.c.h; path = Statement.h; sourceTree = "<group>"; };
		4EEB18F926C163E70076CED1 /* Statement.m */ = {isa = PBXFileReference; lastKnownFileType = sourcecode.c.objc; path = Statement.m; sourceTree = "<group>"; };
		4EEB18FB26C164110076CED1 /* Prog.h */ = {isa = PBXFileReference; lastKnownFileType = sourcecode.c.h; path = Prog.h; sourceTree = "<group>"; };
		4EEB18FC26C164110076CED1 /* Prog.m */ = {isa = PBXFileReference; lastKnownFileType = sourcecode.c.objc; path = Prog.m; sourceTree = "<group>"; };
		4EEB18FE26C1685F0076CED1 /* FunctionCall.h */ = {isa = PBXFileReference; lastKnownFileType = sourcecode.c.h; path = FunctionCall.h; sourceTree = "<group>"; };
		4EEB18FF26C1685F0076CED1 /* FunctionCall.m */ = {isa = PBXFileReference; lastKnownFileType = sourcecode.c.objc; path = FunctionCall.m; sourceTree = "<group>"; };
		4EEB190126C169690076CED1 /* FunctionDecl.h */ = {isa = PBXFileReference; lastKnownFileType = sourcecode.c.h; path = FunctionDecl.h; sourceTree = "<group>"; };
		4EEB190226C169690076CED1 /* FunctionDecl.m */ = {isa = PBXFileReference; lastKnownFileType = sourcecode.c.objc; path = FunctionDecl.m; sourceTree = "<group>"; };
		4EEB190426C16A300076CED1 /* FunctionBody.h */ = {isa = PBXFileReference; lastKnownFileType = sourcecode.c.h; path = FunctionBody.h; sourceTree = "<group>"; };
		4EEB190526C16A300076CED1 /* FunctionBody.m */ = {isa = PBXFileReference; lastKnownFileType = sourcecode.c.objc; path = FunctionBody.m; sourceTree = "<group>"; };
/* End PBXFileReference section */

/* Begin PBXFrameworksBuildPhase section */
		4EEB18D426C1565C0076CED1 /* Frameworks */ = {
			isa = PBXFrameworksBuildPhase;
			buildActionMask = 2147483647;
			files = (
			);
			runOnlyForDeploymentPostprocessing = 0;
		};
		4EEB18E226C156C90076CED1 /* Frameworks */ = {
			isa = PBXFrameworksBuildPhase;
			buildActionMask = 2147483647;
			files = (
			);
			runOnlyForDeploymentPostprocessing = 0;
		};
/* End PBXFrameworksBuildPhase section */

/* Begin PBXGroup section */
		4EEB18CE26C1565C0076CED1 = {
			isa = PBXGroup;
			children = (
				4EEB18D926C1565C0076CED1 /* Craft-A-Language */,
				4EEB18E626C156C90076CED1 /* play01 */,
				4EEB18D826C1565C0076CED1 /* Products */,
			);
			sourceTree = "<group>";
		};
		4EEB18D826C1565C0076CED1 /* Products */ = {
			isa = PBXGroup;
			children = (
				4EEB18D726C1565C0076CED1 /* Craft-A-Language */,
				4EEB18E526C156C90076CED1 /* play01 */,
			);
			name = Products;
			sourceTree = "<group>";
		};
		4EEB18D926C1565C0076CED1 /* Craft-A-Language */ = {
			isa = PBXGroup;
			children = (
				4EEB18DA26C1565C0076CED1 /* main.m */,
			);
			path = "Craft-A-Language";
			sourceTree = "<group>";
		};
		4EEB18E626C156C90076CED1 /* play01 */ = {
			isa = PBXGroup;
			children = (
				4EEB18E726C156C90076CED1 /* main.m */,
				4EEB18EC26C159140076CED1 /* Token.h */,
				4EEB18ED26C159140076CED1 /* Token.m */,
				4EEB18EF26C159FD0076CED1 /* Tokenizer.h */,
				4EEB18F026C159FD0076CED1 /* Tokenizer.m */,
				4EEB18F226C160B00076CED1 /* Parser.h */,
				4EEB18F326C160B00076CED1 /* Parser.m */,
				4EEB18F526C163140076CED1 /* AstNode.h */,
				4EEB18F626C163140076CED1 /* AstNode.m */,
				4EEB18F826C163E70076CED1 /* Statement.h */,
				4EEB18F926C163E70076CED1 /* Statement.m */,
				4EEB18FB26C164110076CED1 /* Prog.h */,
				4EEB18FC26C164110076CED1 /* Prog.m */,
				4EEB18FE26C1685F0076CED1 /* FunctionCall.h */,
				4EEB18FF26C1685F0076CED1 /* FunctionCall.m */,
				4EEB190126C169690076CED1 /* FunctionDecl.h */,
				4EEB190226C169690076CED1 /* FunctionDecl.m */,
				4EEB190426C16A300076CED1 /* FunctionBody.h */,
				4EEB190526C16A300076CED1 /* FunctionBody.m */,
			);
			path = play01;
			sourceTree = "<group>";
		};
/* End PBXGroup section */

/* Begin PBXNativeTarget section */
		4EEB18D626C1565C0076CED1 /* Craft-A-Language */ = {
			isa = PBXNativeTarget;
			buildConfigurationList = 4EEB18DE26C1565C0076CED1 /* Build configuration list for PBXNativeTarget "Craft-A-Language" */;
			buildPhases = (
				4EEB18D326C1565C0076CED1 /* Sources */,
				4EEB18D426C1565C0076CED1 /* Frameworks */,
				4EEB18D526C1565C0076CED1 /* CopyFiles */,
			);
			buildRules = (
			);
			dependencies = (
			);
			name = "Craft-A-Language";
			productName = "Craft-A-Language";
			productReference = 4EEB18D726C1565C0076CED1 /* Craft-A-Language */;
			productType = "com.apple.product-type.tool";
		};
		4EEB18E426C156C90076CED1 /* play01 */ = {
			isa = PBXNativeTarget;
			buildConfigurationList = 4EEB18E926C156C90076CED1 /* Build configuration list for PBXNativeTarget "play01" */;
			buildPhases = (
				4EEB18E126C156C90076CED1 /* Sources */,
				4EEB18E226C156C90076CED1 /* Frameworks */,
				4EEB18E326C156C90076CED1 /* CopyFiles */,
			);
			buildRules = (
			);
			dependencies = (
			);
			name = play01;
			productName = play01;
			productReference = 4EEB18E526C156C90076CED1 /* play01 */;
			productType = "com.apple.product-type.tool";
		};
/* End PBXNativeTarget section */

/* Begin PBXProject section */
		4EEB18CF26C1565C0076CED1 /* Project object */ = {
			isa = PBXProject;
			attributes = {
				LastUpgradeCheck = 1250;
				TargetAttributes = {
					4EEB18D626C1565C0076CED1 = {
						CreatedOnToolsVersion = 12.5;
					};
					4EEB18E426C156C90076CED1 = {
						CreatedOnToolsVersion = 12.5;
					};
				};
			};
			buildConfigurationList = 4EEB18D226C1565C0076CED1 /* Build configuration list for PBXProject "Craft-A-Language" */;
			compatibilityVersion = "Xcode 9.3";
			developmentRegion = en;
			hasScannedForEncodings = 0;
			knownRegions = (
				en,
				Base,
			);
			mainGroup = 4EEB18CE26C1565C0076CED1;
			productRefGroup = 4EEB18D826C1565C0076CED1 /* Products */;
			projectDirPath = "";
			projectRoot = "";
			targets = (
				4EEB18D626C1565C0076CED1 /* Craft-A-Language */,
				4EEB18E426C156C90076CED1 /* play01 */,
			);
		};
/* End PBXProject section */

/* Begin PBXSourcesBuildPhase section */
		4EEB18D326C1565C0076CED1 /* Sources */ = {
			isa = PBXSourcesBuildPhase;
			buildActionMask = 2147483647;
			files = (
				4EEB18DB26C1565C0076CED1 /* main.m in Sources */,
			);
			runOnlyForDeploymentPostprocessing = 0;
		};
		4EEB18E126C156C90076CED1 /* Sources */ = {
			isa = PBXSourcesBuildPhase;
			buildActionMask = 2147483647;
			files = (
				4EEB18F426C160B00076CED1 /* Parser.m in Sources */,
				4EEB18F126C159FD0076CED1 /* Tokenizer.m in Sources */,
				4EEB18E826C156C90076CED1 /* main.m in Sources */,
				4EEB190026C1685F0076CED1 /* FunctionCall.m in Sources */,
				4EEB18EE26C159140076CED1 /* Token.m in Sources */,
				4EEB18F726C163140076CED1 /* AstNode.m in Sources */,
				4EEB190326C169690076CED1 /* FunctionDecl.m in Sources */,
				4EEB18FA26C163E70076CED1 /* Statement.m in Sources */,
				4EEB18FD26C164110076CED1 /* Prog.m in Sources */,
				4EEB190626C16A300076CED1 /* FunctionBody.m in Sources */,
			);
			runOnlyForDeploymentPostprocessing = 0;
		};
/* End PBXSourcesBuildPhase section */

/* Begin XCBuildConfiguration section */
		4EEB18DC26C1565C0076CED1 /* Debug */ = {
			isa = XCBuildConfiguration;
			buildSettings = {
				ALWAYS_SEARCH_USER_PATHS = NO;
				CLANG_ANALYZER_NONNULL = YES;
				CLANG_ANALYZER_NUMBER_OBJECT_CONVERSION = YES_AGGRESSIVE;
				CLANG_CXX_LANGUAGE_STANDARD = "gnu++14";
				CLANG_CXX_LIBRARY = "libc++";
				CLANG_ENABLE_MODULES = YES;
				CLANG_ENABLE_OBJC_ARC = YES;
				CLANG_ENABLE_OBJC_WEAK = YES;
				CLANG_WARN_BLOCK_CAPTURE_AUTORELEASING = YES;
				CLANG_WARN_BOOL_CONVERSION = YES;
				CLANG_WARN_COMMA = YES;
				CLANG_WARN_CONSTANT_CONVERSION = YES;
				CLANG_WARN_DEPRECATED_OBJC_IMPLEMENTATIONS = YES;
				CLANG_WARN_DIRECT_OBJC_ISA_USAGE = YES_ERROR;
				CLANG_WARN_DOCUMENTATION_COMMENTS = YES;
				CLANG_WARN_EMPTY_BODY = YES;
				CLANG_WARN_ENUM_CONVERSION = YES;
				CLANG_WARN_INFINITE_RECURSION = YES;
				CLANG_WARN_INT_CONVERSION = YES;
				CLANG_WARN_NON_LITERAL_NULL_CONVERSION = YES;
				CLANG_WARN_OBJC_IMPLICIT_RETAIN_SELF = YES;
				CLANG_WARN_OBJC_LITERAL_CONVERSION = YES;
				CLANG_WARN_OBJC_ROOT_CLASS = YES_ERROR;
				CLANG_WARN_QUOTED_INCLUDE_IN_FRAMEWORK_HEADER = YES;
				CLANG_WARN_RANGE_LOOP_ANALYSIS = YES;
				CLANG_WARN_STRICT_PROTOTYPES = YES;
				CLANG_WARN_SUSPICIOUS_MOVE = YES;
				CLANG_WARN_UNGUARDED_AVAILABILITY = YES_AGGRESSIVE;
				CLANG_WARN_UNREACHABLE_CODE = YES;
				CLANG_WARN__DUPLICATE_METHOD_MATCH = YES;
				COPY_PHASE_STRIP = NO;
				DEBUG_INFORMATION_FORMAT = dwarf;
				ENABLE_STRICT_OBJC_MSGSEND = YES;
				ENABLE_TESTABILITY = YES;
				GCC_C_LANGUAGE_STANDARD = gnu11;
				GCC_DYNAMIC_NO_PIC = NO;
				GCC_NO_COMMON_BLOCKS = YES;
				GCC_OPTIMIZATION_LEVEL = 0;
				GCC_PREPROCESSOR_DEFINITIONS = (
					"DEBUG=1",
					"$(inherited)",
				);
				GCC_WARN_64_TO_32_BIT_CONVERSION = YES;
				GCC_WARN_ABOUT_RETURN_TYPE = YES_ERROR;
				GCC_WARN_UNDECLARED_SELECTOR = YES;
				GCC_WARN_UNINITIALIZED_AUTOS = YES_AGGRESSIVE;
				GCC_WARN_UNUSED_FUNCTION = YES;
				GCC_WARN_UNUSED_VARIABLE = YES;
				MACOSX_DEPLOYMENT_TARGET = 11.3;
				MTL_ENABLE_DEBUG_INFO = INCLUDE_SOURCE;
				MTL_FAST_MATH = YES;
				ONLY_ACTIVE_ARCH = YES;
				SDKROOT = macosx;
			};
			name = Debug;
		};
		4EEB18DD26C1565C0076CED1 /* Release */ = {
			isa = XCBuildConfiguration;
			buildSettings = {
				ALWAYS_SEARCH_USER_PATHS = NO;
				CLANG_ANALYZER_NONNULL = YES;
				CLANG_ANALYZER_NUMBER_OBJECT_CONVERSION = YES_AGGRESSIVE;
				CLANG_CXX_LANGUAGE_STANDARD = "gnu++14";
				CLANG_CXX_LIBRARY = "libc++";
				CLANG_ENABLE_MODULES = YES;
				CLANG_ENABLE_OBJC_ARC = YES;
				CLANG_ENABLE_OBJC_WEAK = YES;
				CLANG_WARN_BLOCK_CAPTURE_AUTORELEASING = YES;
				CLANG_WARN_BOOL_CONVERSION = YES;
				CLANG_WARN_COMMA = YES;
				CLANG_WARN_CONSTANT_CONVERSION = YES;
				CLANG_WARN_DEPRECATED_OBJC_IMPLEMENTATIONS = YES;
				CLANG_WARN_DIRECT_OBJC_ISA_USAGE = YES_ERROR;
				CLANG_WARN_DOCUMENTATION_COMMENTS = YES;
				CLANG_WARN_EMPTY_BODY = YES;
				CLANG_WARN_ENUM_CONVERSION = YES;
				CLANG_WARN_INFINITE_RECURSION = YES;
				CLANG_WARN_INT_CONVERSION = YES;
				CLANG_WARN_NON_LITERAL_NULL_CONVERSION = YES;
				CLANG_WARN_OBJC_IMPLICIT_RETAIN_SELF = YES;
				CLANG_WARN_OBJC_LITERAL_CONVERSION = YES;
				CLANG_WARN_OBJC_ROOT_CLASS = YES_ERROR;
				CLANG_WARN_QUOTED_INCLUDE_IN_FRAMEWORK_HEADER = YES;
				CLANG_WARN_RANGE_LOOP_ANALYSIS = YES;
				CLANG_WARN_STRICT_PROTOTYPES = YES;
				CLANG_WARN_SUSPICIOUS_MOVE = YES;
				CLANG_WARN_UNGUARDED_AVAILABILITY = YES_AGGRESSIVE;
				CLANG_WARN_UNREACHABLE_CODE = YES;
				CLANG_WARN__DUPLICATE_METHOD_MATCH = YES;
				COPY_PHASE_STRIP = NO;
				DEBUG_INFORMATION_FORMAT = "dwarf-with-dsym";
				ENABLE_NS_ASSERTIONS = NO;
				ENABLE_STRICT_OBJC_MSGSEND = YES;
				GCC_C_LANGUAGE_STANDARD = gnu11;
				GCC_NO_COMMON_BLOCKS = YES;
				GCC_WARN_64_TO_32_BIT_CONVERSION = YES;
				GCC_WARN_ABOUT_RETURN_TYPE = YES_ERROR;
				GCC_WARN_UNDECLARED_SELECTOR = YES;
				GCC_WARN_UNINITIALIZED_AUTOS = YES_AGGRESSIVE;
				GCC_WARN_UNUSED_FUNCTION = YES;
				GCC_WARN_UNUSED_VARIABLE = YES;
				MACOSX_DEPLOYMENT_TARGET = 11.3;
				MTL_ENABLE_DEBUG_INFO = NO;
				MTL_FAST_MATH = YES;
				SDKROOT = macosx;
			};
			name = Release;
		};
		4EEB18DF26C1565C0076CED1 /* Debug */ = {
			isa = XCBuildConfiguration;
			buildSettings = {
				CODE_SIGN_STYLE = Automatic;
				DEVELOPMENT_TEAM = 29J22D29N7;
				ENABLE_HARDENED_RUNTIME = YES;
				PRODUCT_NAME = "$(TARGET_NAME)";
			};
			name = Debug;
		};
		4EEB18E026C1565C0076CED1 /* Release */ = {
			isa = XCBuildConfiguration;
			buildSettings = {
				CODE_SIGN_STYLE = Automatic;
				DEVELOPMENT_TEAM = 29J22D29N7;
				ENABLE_HARDENED_RUNTIME = YES;
				PRODUCT_NAME = "$(TARGET_NAME)";
			};
			name = Release;
		};
		4EEB18EA26C156C90076CED1 /* Debug */ = {
			isa = XCBuildConfiguration;
			buildSettings = {
				CODE_SIGN_STYLE = Automatic;
				DEVELOPMENT_TEAM = 29J22D29N7;
				ENABLE_HARDENED_RUNTIME = YES;
				PRODUCT_NAME = "$(TARGET_NAME)";
			};
			name = Debug;
		};
		4EEB18EB26C156C90076CED1 /* Release */ = {
			isa = XCBuildConfiguration;
			buildSettings = {
				CODE_SIGN_STYLE = Automatic;
				DEVELOPMENT_TEAM = 29J22D29N7;
				ENABLE_HARDENED_RUNTIME = YES;
				PRODUCT_NAME = "$(TARGET_NAME)";
			};
			name = Release;
		};
/* End XCBuildConfiguration section */

/* Begin XCConfigurationList section */
		4EEB18D226C1565C0076CED1 /* Build configuration list for PBXProject "Craft-A-Language" */ = {
			isa = XCConfigurationList;
			buildConfigurations = (
				4EEB18DC26C1565C0076CED1 /* Debug */,
				4EEB18DD26C1565C0076CED1 /* Release */,
			);
			defaultConfigurationIsVisible = 0;
			defaultConfigurationName = Release;
		};
		4EEB18DE26C1565C0076CED1 /* Build configuration list for PBXNativeTarget "Craft-A-Language" */ = {
			isa = XCConfigurationList;
			buildConfigurations = (
				4EEB18DF26C1565C0076CED1 /* Debug */,
				4EEB18E026C1565C0076CED1 /* Release */,
			);
			defaultConfigurationIsVisible = 0;
			defaultConfigurationName = Release;
		};
		4EEB18E926C156C90076CED1 /* Build configuration list for PBXNativeTarget "play01" */ = {
			isa = XCConfigurationList;
			buildConfigurations = (
				4EEB18EA26C156C90076CED1 /* Debug */,
				4EEB18EB26C156C90076CED1 /* Release */,
			);
			defaultConfigurationIsVisible = 0;
			defaultConfigurationName = Release;
		};
/* End XCConfigurationList section */
	};
	rootObject = 4EEB18CF26C1565C0076CED1 /* Project object */;
}
