// !$*UTF8*$!
{
	archiveVersion = 1;
	classes = {
	};
	objectVersion = 50;
	objects = {

/* Begin PBXBuildFile section */
		4193B2C726C5F1F4002DE346 /* main.m in Sources */ = {isa = PBXBuildFile; fileRef = 4193B2C626C5F1F4002DE346 /* main.m */; };
		4ED3A60E26C8CF41006025B8 /* NSSafeMutableArray.m in Sources */ = {isa = PBXBuildFile; fileRef = 4ED3A60D26C8CF41006025B8 /* NSSafeMutableArray.m */; };
		4EFCE87E26C6A05C005A1425 /* SymTable.m in Sources */ = {isa = PBXBuildFile; fileRef = 4EFCE85426C6A05C005A1425 /* SymTable.m */; };
		4EFCE87F26C6A05C005A1425 /* Symbol.m in Sources */ = {isa = PBXBuildFile; fileRef = 4EFCE85726C6A05C005A1425 /* Symbol.m */; };
		4EFCE88D26C6A1CF005A1425 /* AstVisitor.m in Sources */ = {isa = PBXBuildFile; fileRef = 4EFCE88626C6A1CF005A1425 /* AstVisitor.m */; };
		4EFCE88E26C6A1CF005A1425 /* RefResolver.m in Sources */ = {isa = PBXBuildFile; fileRef = 4EFCE88A26C6A1CF005A1425 /* RefResolver.m */; };
		4EFCE88F26C6A1CF005A1425 /* Intepretor.m in Sources */ = {isa = PBXBuildFile; fileRef = 4EFCE88B26C6A1CF005A1425 /* Intepretor.m */; };
		4EFCE89026C6A1CF005A1425 /* LeftValue.m in Sources */ = {isa = PBXBuildFile; fileRef = 4EFCE88C26C6A1CF005A1425 /* LeftValue.m */; };
		4EFCE8A626C6A214005A1425 /* Statement.m in Sources */ = {isa = PBXBuildFile; fileRef = 4EFCE89326C6A213005A1425 /* Statement.m */; };
		4EFCE8A726C6A214005A1425 /* AstNode.m in Sources */ = {isa = PBXBuildFile; fileRef = 4EFCE89626C6A214005A1425 /* AstNode.m */; };
		4EFCE8A826C6A214005A1425 /* Parser.m in Sources */ = {isa = PBXBuildFile; fileRef = 4EFCE89A26C6A214005A1425 /* Parser.m */; };
		4EFCE8A926C6A214005A1425 /* FunctionBody.m in Sources */ = {isa = PBXBuildFile; fileRef = 4EFCE89B26C6A214005A1425 /* FunctionBody.m */; };
		4EFCE8AC26C6A214005A1425 /* FunctionCall.m in Sources */ = {isa = PBXBuildFile; fileRef = 4EFCE8A026C6A214005A1425 /* FunctionCall.m */; };
		4EFCE8AE26C6A214005A1425 /* Prog.m in Sources */ = {isa = PBXBuildFile; fileRef = 4EFCE8A426C6A214005A1425 /* Prog.m */; };
		4EFCE8C926C6A353005A1425 /* VariableDecl.m in Sources */ = {isa = PBXBuildFile; fileRef = 4EFCE8B126C6A352005A1425 /* VariableDecl.m */; };
		4EFCE8CA26C6A353005A1425 /* Binary.m in Sources */ = {isa = PBXBuildFile; fileRef = 4EFCE8B226C6A352005A1425 /* Binary.m */; };
		4EFCE8CB26C6A353005A1425 /* IntegerLiteral.m in Sources */ = {isa = PBXBuildFile; fileRef = 4EFCE8B426C6A352005A1425 /* IntegerLiteral.m */; };
		4EFCE8CC26C6A353005A1425 /* StringLiteral.m in Sources */ = {isa = PBXBuildFile; fileRef = 4EFCE8B726C6A352005A1425 /* StringLiteral.m */; };
		4EFCE8CD26C6A353005A1425 /* DecimalLiteral.m in Sources */ = {isa = PBXBuildFile; fileRef = 4EFCE8B826C6A352005A1425 /* DecimalLiteral.m */; };
		4EFCE8CE26C6A353005A1425 /* Decl.m in Sources */ = {isa = PBXBuildFile; fileRef = 4EFCE8B926C6A352005A1425 /* Decl.m */; };
		4EFCE8CF26C6A353005A1425 /* ExpressionStatement.m in Sources */ = {isa = PBXBuildFile; fileRef = 4EFCE8BA26C6A352005A1425 /* ExpressionStatement.m */; };
		4EFCE8D026C6A353005A1425 /* NullLiteral.m in Sources */ = {isa = PBXBuildFile; fileRef = 4EFCE8BB26C6A352005A1425 /* NullLiteral.m */; };
		4EFCE8D126C6A353005A1425 /* BooleanLiteral.m in Sources */ = {isa = PBXBuildFile; fileRef = 4EFCE8BE26C6A352005A1425 /* BooleanLiteral.m */; };
		4EFCE8D226C6A353005A1425 /* Block.m in Sources */ = {isa = PBXBuildFile; fileRef = 4EFCE8C226C6A353005A1425 /* Block.m */; };
		4EFCE8D326C6A353005A1425 /* FunctionDecl.m in Sources */ = {isa = PBXBuildFile; fileRef = 4EFCE8C526C6A353005A1425 /* FunctionDecl.m */; };
		4EFCE8D426C6A353005A1425 /* Variable.m in Sources */ = {isa = PBXBuildFile; fileRef = 4EFCE8C626C6A353005A1425 /* Variable.m */; };
		4EFCE8D526C6A353005A1425 /* Expression.m in Sources */ = {isa = PBXBuildFile; fileRef = 4EFCE8C826C6A353005A1425 /* Expression.m */; };
		4EFCE8DC26C6A3D2005A1425 /* CharStream.m in Sources */ = {isa = PBXBuildFile; fileRef = 4EFCE8D826C6A3D1005A1425 /* CharStream.m */; };
		4EFCE8DD26C6A3D2005A1425 /* Scanner.m in Sources */ = {isa = PBXBuildFile; fileRef = 4EFCE8DA26C6A3D2005A1425 /* Scanner.m */; };
		4EFCE8DE26C6A3D2005A1425 /* Token.m in Sources */ = {isa = PBXBuildFile; fileRef = 4EFCE8DB26C6A3D2005A1425 /* Token.m */; };
		4EFCE8E126C6AA28005A1425 /* Enter.m in Sources */ = {isa = PBXBuildFile; fileRef = 4EFCE8E026C6AA28005A1425 /* Enter.m */; };
/* End PBXBuildFile section */

/* Begin PBXCopyFilesBuildPhase section */
		4193B2C126C5F1F4002DE346 /* CopyFiles */ = {
			isa = PBXCopyFilesBuildPhase;
			buildActionMask = 2147483647;
			dstPath = /usr/share/man/man1/;
			dstSubfolderSpec = 0;
			files = (
			);
			runOnlyForDeploymentPostprocessing = 1;
		};
/* End PBXCopyFilesBuildPhase section */

/* Begin PBXFileReference section */
		4193B2C326C5F1F4002DE346 /* play03 */ = {isa = PBXFileReference; explicitFileType = "compiled.mach-o.executable"; includeInIndex = 0; path = play03; sourceTree = BUILT_PRODUCTS_DIR; };
		4193B2C626C5F1F4002DE346 /* main.m */ = {isa = PBXFileReference; lastKnownFileType = sourcecode.c.objc; path = main.m; sourceTree = "<group>"; };
		4193B2E326C5F218002DE346 /* program.js */ = {isa = PBXFileReference; fileEncoding = 4; lastKnownFileType = sourcecode.javascript; path = program.js; sourceTree = "<group>"; };
		4ED3A60C26C8CF41006025B8 /* NSSafeMutableArray.h */ = {isa = PBXFileReference; lastKnownFileType = sourcecode.c.h; path = NSSafeMutableArray.h; sourceTree = "<group>"; };
		4ED3A60D26C8CF41006025B8 /* NSSafeMutableArray.m */ = {isa = PBXFileReference; lastKnownFileType = sourcecode.c.objc; path = NSSafeMutableArray.m; sourceTree = "<group>"; };
		4EFCE85426C6A05C005A1425 /* SymTable.m */ = {isa = PBXFileReference; fileEncoding = 4; lastKnownFileType = sourcecode.c.objc; path = SymTable.m; sourceTree = "<group>"; };
		4EFCE85526C6A05C005A1425 /* Symbol.h */ = {isa = PBXFileReference; fileEncoding = 4; lastKnownFileType = sourcecode.c.h; path = Symbol.h; sourceTree = "<group>"; };
		4EFCE85626C6A05C005A1425 /* SymTable.h */ = {isa = PBXFileReference; fileEncoding = 4; lastKnownFileType = sourcecode.c.h; path = SymTable.h; sourceTree = "<group>"; };
		4EFCE85726C6A05C005A1425 /* Symbol.m */ = {isa = PBXFileReference; fileEncoding = 4; lastKnownFileType = sourcecode.c.objc; path = Symbol.m; sourceTree = "<group>"; };
		4EFCE88526C6A1CF005A1425 /* LeftValue.h */ = {isa = PBXFileReference; fileEncoding = 4; lastKnownFileType = sourcecode.c.h; path = LeftValue.h; sourceTree = "<group>"; };
		4EFCE88626C6A1CF005A1425 /* AstVisitor.m */ = {isa = PBXFileReference; fileEncoding = 4; lastKnownFileType = sourcecode.c.objc; path = AstVisitor.m; sourceTree = "<group>"; };
		4EFCE88726C6A1CF005A1425 /* RefResolver.h */ = {isa = PBXFileReference; fileEncoding = 4; lastKnownFileType = sourcecode.c.h; path = RefResolver.h; sourceTree = "<group>"; };
		4EFCE88826C6A1CF005A1425 /* Intepretor.h */ = {isa = PBXFileReference; fileEncoding = 4; lastKnownFileType = sourcecode.c.h; path = Intepretor.h; sourceTree = "<group>"; };
		4EFCE88926C6A1CF005A1425 /* AstVisitor.h */ = {isa = PBXFileReference; fileEncoding = 4; lastKnownFileType = sourcecode.c.h; path = AstVisitor.h; sourceTree = "<group>"; };
		4EFCE88A26C6A1CF005A1425 /* RefResolver.m */ = {isa = PBXFileReference; fileEncoding = 4; lastKnownFileType = sourcecode.c.objc; path = RefResolver.m; sourceTree = "<group>"; };
		4EFCE88B26C6A1CF005A1425 /* Intepretor.m */ = {isa = PBXFileReference; fileEncoding = 4; lastKnownFileType = sourcecode.c.objc; path = Intepretor.m; sourceTree = "<group>"; };
		4EFCE88C26C6A1CF005A1425 /* LeftValue.m */ = {isa = PBXFileReference; fileEncoding = 4; lastKnownFileType = sourcecode.c.objc; path = LeftValue.m; sourceTree = "<group>"; };
		4EFCE89226C6A213005A1425 /* FunctionCall.h */ = {isa = PBXFileReference; fileEncoding = 4; lastKnownFileType = sourcecode.c.h; path = FunctionCall.h; sourceTree = "<group>"; };
		4EFCE89326C6A213005A1425 /* Statement.m */ = {isa = PBXFileReference; fileEncoding = 4; lastKnownFileType = sourcecode.c.objc; path = Statement.m; sourceTree = "<group>"; };
		4EFCE89626C6A214005A1425 /* AstNode.m */ = {isa = PBXFileReference; fileEncoding = 4; lastKnownFileType = sourcecode.c.objc; path = AstNode.m; sourceTree = "<group>"; };
		4EFCE89726C6A214005A1425 /* FunctionBody.h */ = {isa = PBXFileReference; fileEncoding = 4; lastKnownFileType = sourcecode.c.h; path = FunctionBody.h; sourceTree = "<group>"; };
		4EFCE89826C6A214005A1425 /* Prog.h */ = {isa = PBXFileReference; fileEncoding = 4; lastKnownFileType = sourcecode.c.h; path = Prog.h; sourceTree = "<group>"; };
		4EFCE89926C6A214005A1425 /* Parser.h */ = {isa = PBXFileReference; fileEncoding = 4; lastKnownFileType = sourcecode.c.h; path = Parser.h; sourceTree = "<group>"; };
		4EFCE89A26C6A214005A1425 /* Parser.m */ = {isa = PBXFileReference; fileEncoding = 4; lastKnownFileType = sourcecode.c.objc; path = Parser.m; sourceTree = "<group>"; };
		4EFCE89B26C6A214005A1425 /* FunctionBody.m */ = {isa = PBXFileReference; fileEncoding = 4; lastKnownFileType = sourcecode.c.objc; path = FunctionBody.m; sourceTree = "<group>"; };
		4EFCE89C26C6A214005A1425 /* Statement.h */ = {isa = PBXFileReference; fileEncoding = 4; lastKnownFileType = sourcecode.c.h; path = Statement.h; sourceTree = "<group>"; };
		4EFCE8A026C6A214005A1425 /* FunctionCall.m */ = {isa = PBXFileReference; fileEncoding = 4; lastKnownFileType = sourcecode.c.objc; path = FunctionCall.m; sourceTree = "<group>"; };
		4EFCE8A226C6A214005A1425 /* AstNode.h */ = {isa = PBXFileReference; fileEncoding = 4; lastKnownFileType = sourcecode.c.h; path = AstNode.h; sourceTree = "<group>"; };
		4EFCE8A426C6A214005A1425 /* Prog.m */ = {isa = PBXFileReference; fileEncoding = 4; lastKnownFileType = sourcecode.c.objc; path = Prog.m; sourceTree = "<group>"; };
		4EFCE8AF26C6A352005A1425 /* Block.h */ = {isa = PBXFileReference; fileEncoding = 4; lastKnownFileType = sourcecode.c.h; path = Block.h; sourceTree = "<group>"; };
		4EFCE8B026C6A352005A1425 /* FunctionDecl.h */ = {isa = PBXFileReference; fileEncoding = 4; lastKnownFileType = sourcecode.c.h; path = FunctionDecl.h; sourceTree = "<group>"; };
		4EFCE8B126C6A352005A1425 /* VariableDecl.m */ = {isa = PBXFileReference; fileEncoding = 4; lastKnownFileType = sourcecode.c.objc; path = VariableDecl.m; sourceTree = "<group>"; };
		4EFCE8B226C6A352005A1425 /* Binary.m */ = {isa = PBXFileReference; fileEncoding = 4; lastKnownFileType = sourcecode.c.objc; path = Binary.m; sourceTree = "<group>"; };
		4EFCE8B326C6A352005A1425 /* DecimalLiteral.h */ = {isa = PBXFileReference; fileEncoding = 4; lastKnownFileType = sourcecode.c.h; path = DecimalLiteral.h; sourceTree = "<group>"; };
		4EFCE8B426C6A352005A1425 /* IntegerLiteral.m */ = {isa = PBXFileReference; fileEncoding = 4; lastKnownFileType = sourcecode.c.objc; path = IntegerLiteral.m; sourceTree = "<group>"; };
		4EFCE8B526C6A352005A1425 /* IntegerLiteral.h */ = {isa = PBXFileReference; fileEncoding = 4; lastKnownFileType = sourcecode.c.h; path = IntegerLiteral.h; sourceTree = "<group>"; };
		4EFCE8B626C6A352005A1425 /* BooleanLiteral.h */ = {isa = PBXFileReference; fileEncoding = 4; lastKnownFileType = sourcecode.c.h; path = BooleanLiteral.h; sourceTree = "<group>"; };
		4EFCE8B726C6A352005A1425 /* StringLiteral.m */ = {isa = PBXFileReference; fileEncoding = 4; lastKnownFileType = sourcecode.c.objc; path = StringLiteral.m; sourceTree = "<group>"; };
		4EFCE8B826C6A352005A1425 /* DecimalLiteral.m */ = {isa = PBXFileReference; fileEncoding = 4; lastKnownFileType = sourcecode.c.objc; path = DecimalLiteral.m; sourceTree = "<group>"; };
		4EFCE8B926C6A352005A1425 /* Decl.m */ = {isa = PBXFileReference; fileEncoding = 4; lastKnownFileType = sourcecode.c.objc; path = Decl.m; sourceTree = "<group>"; };
		4EFCE8BA26C6A352005A1425 /* ExpressionStatement.m */ = {isa = PBXFileReference; fileEncoding = 4; lastKnownFileType = sourcecode.c.objc; path = ExpressionStatement.m; sourceTree = "<group>"; };
		4EFCE8BB26C6A352005A1425 /* NullLiteral.m */ = {isa = PBXFileReference; fileEncoding = 4; lastKnownFileType = sourcecode.c.objc; path = NullLiteral.m; sourceTree = "<group>"; };
		4EFCE8BC26C6A352005A1425 /* NullLiteral.h */ = {isa = PBXFileReference; fileEncoding = 4; lastKnownFileType = sourcecode.c.h; path = NullLiteral.h; sourceTree = "<group>"; };
		4EFCE8BD26C6A352005A1425 /* Expression.h */ = {isa = PBXFileReference; fileEncoding = 4; lastKnownFileType = sourcecode.c.h; path = Expression.h; sourceTree = "<group>"; };
		4EFCE8BE26C6A352005A1425 /* BooleanLiteral.m */ = {isa = PBXFileReference; fileEncoding = 4; lastKnownFileType = sourcecode.c.objc; path = BooleanLiteral.m; sourceTree = "<group>"; };
		4EFCE8BF26C6A352005A1425 /* StringLiteral.h */ = {isa = PBXFileReference; fileEncoding = 4; lastKnownFileType = sourcecode.c.h; path = StringLiteral.h; sourceTree = "<group>"; };
		4EFCE8C026C6A352005A1425 /* ExpressionStatement.h */ = {isa = PBXFileReference; fileEncoding = 4; lastKnownFileType = sourcecode.c.h; path = ExpressionStatement.h; sourceTree = "<group>"; };
		4EFCE8C126C6A352005A1425 /* Decl.h */ = {isa = PBXFileReference; fileEncoding = 4; lastKnownFileType = sourcecode.c.h; path = Decl.h; sourceTree = "<group>"; };
		4EFCE8C226C6A353005A1425 /* Block.m */ = {isa = PBXFileReference; fileEncoding = 4; lastKnownFileType = sourcecode.c.objc; path = Block.m; sourceTree = "<group>"; };
		4EFCE8C326C6A353005A1425 /* Variable.h */ = {isa = PBXFileReference; fileEncoding = 4; lastKnownFileType = sourcecode.c.h; path = Variable.h; sourceTree = "<group>"; };
		4EFCE8C426C6A353005A1425 /* Binary.h */ = {isa = PBXFileReference; fileEncoding = 4; lastKnownFileType = sourcecode.c.h; path = Binary.h; sourceTree = "<group>"; };
		4EFCE8C526C6A353005A1425 /* FunctionDecl.m */ = {isa = PBXFileReference; fileEncoding = 4; lastKnownFileType = sourcecode.c.objc; path = FunctionDecl.m; sourceTree = "<group>"; };
		4EFCE8C626C6A353005A1425 /* Variable.m */ = {isa = PBXFileReference; fileEncoding = 4; lastKnownFileType = sourcecode.c.objc; path = Variable.m; sourceTree = "<group>"; };
		4EFCE8C726C6A353005A1425 /* VariableDecl.h */ = {isa = PBXFileReference; fileEncoding = 4; lastKnownFileType = sourcecode.c.h; path = VariableDecl.h; sourceTree = "<group>"; };
		4EFCE8C826C6A353005A1425 /* Expression.m */ = {isa = PBXFileReference; fileEncoding = 4; lastKnownFileType = sourcecode.c.objc; path = Expression.m; sourceTree = "<group>"; };
		4EFCE8D626C6A3D1005A1425 /* Scanner.h */ = {isa = PBXFileReference; fileEncoding = 4; lastKnownFileType = sourcecode.c.h; path = Scanner.h; sourceTree = "<group>"; };
		4EFCE8D726C6A3D1005A1425 /* Token.h */ = {isa = PBXFileReference; fileEncoding = 4; lastKnownFileType = sourcecode.c.h; path = Token.h; sourceTree = "<group>"; };
		4EFCE8D826C6A3D1005A1425 /* CharStream.m */ = {isa = PBXFileReference; fileEncoding = 4; lastKnownFileType = sourcecode.c.objc; path = CharStream.m; sourceTree = "<group>"; };
		4EFCE8D926C6A3D2005A1425 /* CharStream.h */ = {isa = PBXFileReference; fileEncoding = 4; lastKnownFileType = sourcecode.c.h; path = CharStream.h; sourceTree = "<group>"; };
		4EFCE8DA26C6A3D2005A1425 /* Scanner.m */ = {isa = PBXFileReference; fileEncoding = 4; lastKnownFileType = sourcecode.c.objc; path = Scanner.m; sourceTree = "<group>"; };
		4EFCE8DB26C6A3D2005A1425 /* Token.m */ = {isa = PBXFileReference; fileEncoding = 4; lastKnownFileType = sourcecode.c.objc; path = Token.m; sourceTree = "<group>"; };
		4EFCE8DF26C6AA28005A1425 /* Enter.h */ = {isa = PBXFileReference; lastKnownFileType = sourcecode.c.h; path = Enter.h; sourceTree = "<group>"; };
		4EFCE8E026C6AA28005A1425 /* Enter.m */ = {isa = PBXFileReference; lastKnownFileType = sourcecode.c.objc; path = Enter.m; sourceTree = "<group>"; };
/* End PBXFileReference section */

/* Begin PBXFrameworksBuildPhase section */
		4193B2C026C5F1F4002DE346 /* Frameworks */ = {
			isa = PBXFrameworksBuildPhase;
			buildActionMask = 2147483647;
			files = (
			);
			runOnlyForDeploymentPostprocessing = 0;
		};
/* End PBXFrameworksBuildPhase section */

/* Begin PBXGroup section */
		4193B2BA26C5F1F4002DE346 = {
			isa = PBXGroup;
			children = (
				4193B2C526C5F1F4002DE346 /* play03 */,
				4193B2C426C5F1F4002DE346 /* Products */,
			);
			sourceTree = "<group>";
		};
		4193B2C426C5F1F4002DE346 /* Products */ = {
			isa = PBXGroup;
			children = (
				4193B2C326C5F1F4002DE346 /* play03 */,
			);
			name = Products;
			sourceTree = "<group>";
		};
		4193B2C526C5F1F4002DE346 /* play03 */ = {
			isa = PBXGroup;
			children = (
				4EFCE81C26C6A05C005A1425 /* ast */,
				4EFCE83726C6A05C005A1425 /* parser */,
				4EFCE84C26C6A05C005A1425 /* scanner */,
				4EFCE85326C6A05C005A1425 /* semantic */,
				4EFCE85826C6A05C005A1425 /* utils */,
				4EFCE85B26C6A05C005A1425 /* vistor */,
				4193B2C626C5F1F4002DE346 /* main.m */,
				4193B2E326C5F218002DE346 /* program.js */,
			);
			path = play03;
			sourceTree = "<group>";
		};
		4EFCE81C26C6A05C005A1425 /* ast */ = {
			isa = PBXGroup;
			children = (
				4EFCE8C426C6A353005A1425 /* Binary.h */,
				4EFCE8B226C6A352005A1425 /* Binary.m */,
				4EFCE8AF26C6A352005A1425 /* Block.h */,
				4EFCE8C226C6A353005A1425 /* Block.m */,
				4EFCE8B626C6A352005A1425 /* BooleanLiteral.h */,
				4EFCE8BE26C6A352005A1425 /* BooleanLiteral.m */,
				4EFCE8B326C6A352005A1425 /* DecimalLiteral.h */,
				4EFCE8B826C6A352005A1425 /* DecimalLiteral.m */,
				4EFCE8C126C6A352005A1425 /* Decl.h */,
				4EFCE8B926C6A352005A1425 /* Decl.m */,
				4EFCE8BD26C6A352005A1425 /* Expression.h */,
				4EFCE8C826C6A353005A1425 /* Expression.m */,
				4EFCE8C026C6A352005A1425 /* ExpressionStatement.h */,
				4EFCE8BA26C6A352005A1425 /* ExpressionStatement.m */,
				4EFCE8B026C6A352005A1425 /* FunctionDecl.h */,
				4EFCE8C526C6A353005A1425 /* FunctionDecl.m */,
				4EFCE8B526C6A352005A1425 /* IntegerLiteral.h */,
				4EFCE8B426C6A352005A1425 /* IntegerLiteral.m */,
				4EFCE8BC26C6A352005A1425 /* NullLiteral.h */,
				4EFCE8BB26C6A352005A1425 /* NullLiteral.m */,
				4EFCE8BF26C6A352005A1425 /* StringLiteral.h */,
				4EFCE8B726C6A352005A1425 /* StringLiteral.m */,
				4EFCE8C326C6A353005A1425 /* Variable.h */,
				4EFCE8C626C6A353005A1425 /* Variable.m */,
				4EFCE8C726C6A353005A1425 /* VariableDecl.h */,
				4EFCE8B126C6A352005A1425 /* VariableDecl.m */,
			);
			path = ast;
			sourceTree = "<group>";
		};
		4EFCE83726C6A05C005A1425 /* parser */ = {
			isa = PBXGroup;
			children = (
				4EFCE8A226C6A214005A1425 /* AstNode.h */,
				4EFCE89626C6A214005A1425 /* AstNode.m */,
				4EFCE89726C6A214005A1425 /* FunctionBody.h */,
				4EFCE89B26C6A214005A1425 /* FunctionBody.m */,
				4EFCE89226C6A213005A1425 /* FunctionCall.h */,
				4EFCE8A026C6A214005A1425 /* FunctionCall.m */,
				4EFCE89926C6A214005A1425 /* Parser.h */,
				4EFCE89A26C6A214005A1425 /* Parser.m */,
				4EFCE89826C6A214005A1425 /* Prog.h */,
				4EFCE8A426C6A214005A1425 /* Prog.m */,
				4EFCE89C26C6A214005A1425 /* Statement.h */,
				4EFCE89326C6A213005A1425 /* Statement.m */,
			);
			path = parser;
			sourceTree = "<group>";
		};
		4EFCE84C26C6A05C005A1425 /* scanner */ = {
			isa = PBXGroup;
			children = (
				4EFCE8D926C6A3D2005A1425 /* CharStream.h */,
				4EFCE8D826C6A3D1005A1425 /* CharStream.m */,
				4EFCE8D626C6A3D1005A1425 /* Scanner.h */,
				4EFCE8DA26C6A3D2005A1425 /* Scanner.m */,
				4EFCE8D726C6A3D1005A1425 /* Token.h */,
				4EFCE8DB26C6A3D2005A1425 /* Token.m */,
			);
			path = scanner;
			sourceTree = "<group>";
		};
		4EFCE85326C6A05C005A1425 /* semantic */ = {
			isa = PBXGroup;
			children = (
				4EFCE85626C6A05C005A1425 /* SymTable.h */,
				4EFCE85426C6A05C005A1425 /* SymTable.m */,
				4EFCE85526C6A05C005A1425 /* Symbol.h */,
				4EFCE85726C6A05C005A1425 /* Symbol.m */,
				4EFCE8DF26C6AA28005A1425 /* Enter.h */,
				4EFCE8E026C6AA28005A1425 /* Enter.m */,
				4EFCE88726C6A1CF005A1425 /* RefResolver.h */,
				4EFCE88A26C6A1CF005A1425 /* RefResolver.m */,
			);
			path = semantic;
			sourceTree = "<group>";
		};
		4EFCE85826C6A05C005A1425 /* utils */ = {
			isa = PBXGroup;
			children = (
				4ED3A60C26C8CF41006025B8 /* NSSafeMutableArray.h */,
				4ED3A60D26C8CF41006025B8 /* NSSafeMutableArray.m */,
			);
			path = utils;
			sourceTree = "<group>";
		};
		4EFCE85B26C6A05C005A1425 /* vistor */ = {
			isa = PBXGroup;
			children = (
				4EFCE88926C6A1CF005A1425 /* AstVisitor.h */,
				4EFCE88626C6A1CF005A1425 /* AstVisitor.m */,
				4EFCE88826C6A1CF005A1425 /* Intepretor.h */,
				4EFCE88B26C6A1CF005A1425 /* Intepretor.m */,
				4EFCE88526C6A1CF005A1425 /* LeftValue.h */,
				4EFCE88C26C6A1CF005A1425 /* LeftValue.m */,
			);
			path = vistor;
			sourceTree = "<group>";
		};
/* End PBXGroup section */

/* Begin PBXNativeTarget section */
		4193B2C226C5F1F4002DE346 /* play03 */ = {
			isa = PBXNativeTarget;
			buildConfigurationList = 4193B2CA26C5F1F4002DE346 /* Build configuration list for PBXNativeTarget "play03" */;
			buildPhases = (
				4193B2BF26C5F1F4002DE346 /* Sources */,
				4193B2C026C5F1F4002DE346 /* Frameworks */,
				4193B2C126C5F1F4002DE346 /* CopyFiles */,
			);
			buildRules = (
			);
			dependencies = (
			);
			name = play03;
			productName = play03;
			productReference = 4193B2C326C5F1F4002DE346 /* play03 */;
			productType = "com.apple.product-type.tool";
		};
/* End PBXNativeTarget section */

/* Begin PBXProject section */
		4193B2BB26C5F1F4002DE346 /* Project object */ = {
			isa = PBXProject;
			attributes = {
				LastUpgradeCheck = 1220;
				TargetAttributes = {
					4193B2C226C5F1F4002DE346 = {
						CreatedOnToolsVersion = 12.2;
					};
				};
			};
			buildConfigurationList = 4193B2BE26C5F1F4002DE346 /* Build configuration list for PBXProject "play03" */;
			compatibilityVersion = "Xcode 9.3";
			developmentRegion = en;
			hasScannedForEncodings = 0;
			knownRegions = (
				en,
				Base,
			);
			mainGroup = 4193B2BA26C5F1F4002DE346;
			productRefGroup = 4193B2C426C5F1F4002DE346 /* Products */;
			projectDirPath = "";
			projectRoot = "";
			targets = (
				4193B2C226C5F1F4002DE346 /* play03 */,
			);
		};
/* End PBXProject section */

/* Begin PBXSourcesBuildPhase section */
		4193B2BF26C5F1F4002DE346 /* Sources */ = {
			isa = PBXSourcesBuildPhase;
			buildActionMask = 2147483647;
			files = (
				4EFCE8E126C6AA28005A1425 /* Enter.m in Sources */,
				4EFCE89026C6A1CF005A1425 /* LeftValue.m in Sources */,
				4193B2C726C5F1F4002DE346 /* main.m in Sources */,
				4EFCE8DD26C6A3D2005A1425 /* Scanner.m in Sources */,
				4EFCE88F26C6A1CF005A1425 /* Intepretor.m in Sources */,
				4EFCE8DE26C6A3D2005A1425 /* Token.m in Sources */,
				4EFCE8CD26C6A353005A1425 /* DecimalLiteral.m in Sources */,
				4EFCE8C926C6A353005A1425 /* VariableDecl.m in Sources */,
				4EFCE8D326C6A353005A1425 /* FunctionDecl.m in Sources */,
				4EFCE8D026C6A353005A1425 /* NullLiteral.m in Sources */,
				4EFCE8D526C6A353005A1425 /* Expression.m in Sources */,
				4EFCE8AC26C6A214005A1425 /* FunctionCall.m in Sources */,
				4EFCE8D426C6A353005A1425 /* Variable.m in Sources */,
				4EFCE8CA26C6A353005A1425 /* Binary.m in Sources */,
				4EFCE8A726C6A214005A1425 /* AstNode.m in Sources */,
				4EFCE8CE26C6A353005A1425 /* Decl.m in Sources */,
				4EFCE8A826C6A214005A1425 /* Parser.m in Sources */,
				4EFCE8D226C6A353005A1425 /* Block.m in Sources */,
				4EFCE8DC26C6A3D2005A1425 /* CharStream.m in Sources */,
				4EFCE88D26C6A1CF005A1425 /* AstVisitor.m in Sources */,
				4EFCE87F26C6A05C005A1425 /* Symbol.m in Sources */,
				4EFCE88E26C6A1CF005A1425 /* RefResolver.m in Sources */,
				4EFCE8CF26C6A353005A1425 /* ExpressionStatement.m in Sources */,
				4EFCE8A926C6A214005A1425 /* FunctionBody.m in Sources */,
				4EFCE8A626C6A214005A1425 /* Statement.m in Sources */,
				4EFCE8D126C6A353005A1425 /* BooleanLiteral.m in Sources */,
				4ED3A60E26C8CF41006025B8 /* NSSafeMutableArray.m in Sources */,
				4EFCE87E26C6A05C005A1425 /* SymTable.m in Sources */,
				4EFCE8CC26C6A353005A1425 /* StringLiteral.m in Sources */,
				4EFCE8CB26C6A353005A1425 /* IntegerLiteral.m in Sources */,
				4EFCE8AE26C6A214005A1425 /* Prog.m in Sources */,
			);
			runOnlyForDeploymentPostprocessing = 0;
		};
/* End PBXSourcesBuildPhase section */

/* Begin XCBuildConfiguration section */
		4193B2C826C5F1F4002DE346 /* Debug */ = {
			isa = XCBuildConfiguration;
			buildSettings = {
				ALWAYS_SEARCH_USER_PATHS = NO;
				CLANG_ANALYZER_NONNULL = YES;
				CLANG_ANALYZER_NUMBER_OBJECT_CONVERSION = YES_AGGRESSIVE;
				CLANG_CXX_LANGUAGE_STANDARD = "gnu++14";
				CLANG_CXX_LIBRARY = "libc++";
				CLANG_ENABLE_MODULES = YES;
				CLANG_ENABLE_OBJC_ARC = YES;
				CLANG_ENABLE_OBJC_WEAK = YES;
				CLANG_WARN_BLOCK_CAPTURE_AUTORELEASING = YES;
				CLANG_WARN_BOOL_CONVERSION = YES;
				CLANG_WARN_COMMA = YES;
				CLANG_WARN_CONSTANT_CONVERSION = YES;
				CLANG_WARN_DEPRECATED_OBJC_IMPLEMENTATIONS = YES;
				CLANG_WARN_DIRECT_OBJC_ISA_USAGE = YES_ERROR;
				CLANG_WARN_DOCUMENTATION_COMMENTS = YES;
				CLANG_WARN_EMPTY_BODY = YES;
				CLANG_WARN_ENUM_CONVERSION = YES;
				CLANG_WARN_INFINITE_RECURSION = YES;
				CLANG_WARN_INT_CONVERSION = YES;
				CLANG_WARN_NON_LITERAL_NULL_CONVERSION = YES;
				CLANG_WARN_OBJC_IMPLICIT_RETAIN_SELF = YES;
				CLANG_WARN_OBJC_LITERAL_CONVERSION = YES;
				CLANG_WARN_OBJC_ROOT_CLASS = YES_ERROR;
				CLANG_WARN_QUOTED_INCLUDE_IN_FRAMEWORK_HEADER = YES;
				CLANG_WARN_RANGE_LOOP_ANALYSIS = YES;
				CLANG_WARN_STRICT_PROTOTYPES = YES;
				CLANG_WARN_SUSPICIOUS_MOVE = YES;
				CLANG_WARN_UNGUARDED_AVAILABILITY = YES_AGGRESSIVE;
				CLANG_WARN_UNREACHABLE_CODE = YES;
				CLANG_WARN__DUPLICATE_METHOD_MATCH = YES;
				COPY_PHASE_STRIP = NO;
				DEBUG_INFORMATION_FORMAT = dwarf;
				ENABLE_STRICT_OBJC_MSGSEND = YES;
				ENABLE_TESTABILITY = YES;
				GCC_C_LANGUAGE_STANDARD = gnu11;
				GCC_DYNAMIC_NO_PIC = NO;
				GCC_NO_COMMON_BLOCKS = YES;
				GCC_OPTIMIZATION_LEVEL = 0;
				GCC_PREPROCESSOR_DEFINITIONS = (
					"DEBUG=1",
					"$(inherited)",
				);
				GCC_WARN_64_TO_32_BIT_CONVERSION = YES;
				GCC_WARN_ABOUT_RETURN_TYPE = YES_ERROR;
				GCC_WARN_UNDECLARED_SELECTOR = YES;
				GCC_WARN_UNINITIALIZED_AUTOS = YES_AGGRESSIVE;
				GCC_WARN_UNUSED_FUNCTION = YES;
				GCC_WARN_UNUSED_VARIABLE = YES;
				MACOSX_DEPLOYMENT_TARGET = 10.15;
				MTL_ENABLE_DEBUG_INFO = INCLUDE_SOURCE;
				MTL_FAST_MATH = YES;
				ONLY_ACTIVE_ARCH = YES;
				SDKROOT = macosx;
			};
			name = Debug;
		};
		4193B2C926C5F1F4002DE346 /* Release */ = {
			isa = XCBuildConfiguration;
			buildSettings = {
				ALWAYS_SEARCH_USER_PATHS = NO;
				CLANG_ANALYZER_NONNULL = YES;
				CLANG_ANALYZER_NUMBER_OBJECT_CONVERSION = YES_AGGRESSIVE;
				CLANG_CXX_LANGUAGE_STANDARD = "gnu++14";
				CLANG_CXX_LIBRARY = "libc++";
				CLANG_ENABLE_MODULES = YES;
				CLANG_ENABLE_OBJC_ARC = YES;
				CLANG_ENABLE_OBJC_WEAK = YES;
				CLANG_WARN_BLOCK_CAPTURE_AUTORELEASING = YES;
				CLANG_WARN_BOOL_CONVERSION = YES;
				CLANG_WARN_COMMA = YES;
				CLANG_WARN_CONSTANT_CONVERSION = YES;
				CLANG_WARN_DEPRECATED_OBJC_IMPLEMENTATIONS = YES;
				CLANG_WARN_DIRECT_OBJC_ISA_USAGE = YES_ERROR;
				CLANG_WARN_DOCUMENTATION_COMMENTS = YES;
				CLANG_WARN_EMPTY_BODY = YES;
				CLANG_WARN_ENUM_CONVERSION = YES;
				CLANG_WARN_INFINITE_RECURSION = YES;
				CLANG_WARN_INT_CONVERSION = YES;
				CLANG_WARN_NON_LITERAL_NULL_CONVERSION = YES;
				CLANG_WARN_OBJC_IMPLICIT_RETAIN_SELF = YES;
				CLANG_WARN_OBJC_LITERAL_CONVERSION = YES;
				CLANG_WARN_OBJC_ROOT_CLASS = YES_ERROR;
				CLANG_WARN_QUOTED_INCLUDE_IN_FRAMEWORK_HEADER = YES;
				CLANG_WARN_RANGE_LOOP_ANALYSIS = YES;
				CLANG_WARN_STRICT_PROTOTYPES = YES;
				CLANG_WARN_SUSPICIOUS_MOVE = YES;
				CLANG_WARN_UNGUARDED_AVAILABILITY = YES_AGGRESSIVE;
				CLANG_WARN_UNREACHABLE_CODE = YES;
				CLANG_WARN__DUPLICATE_METHOD_MATCH = YES;
				COPY_PHASE_STRIP = NO;
				DEBUG_INFORMATION_FORMAT = "dwarf-with-dsym";
				ENABLE_NS_ASSERTIONS = NO;
				ENABLE_STRICT_OBJC_MSGSEND = YES;
				GCC_C_LANGUAGE_STANDARD = gnu11;
				GCC_NO_COMMON_BLOCKS = YES;
				GCC_WARN_64_TO_32_BIT_CONVERSION = YES;
				GCC_WARN_ABOUT_RETURN_TYPE = YES_ERROR;
				GCC_WARN_UNDECLARED_SELECTOR = YES;
				GCC_WARN_UNINITIALIZED_AUTOS = YES_AGGRESSIVE;
				GCC_WARN_UNUSED_FUNCTION = YES;
				GCC_WARN_UNUSED_VARIABLE = YES;
				MACOSX_DEPLOYMENT_TARGET = 10.15;
				MTL_ENABLE_DEBUG_INFO = NO;
				MTL_FAST_MATH = YES;
				SDKROOT = macosx;
			};
			name = Release;
		};
		4193B2CB26C5F1F4002DE346 /* Debug */ = {
			isa = XCBuildConfiguration;
			buildSettings = {
				CODE_SIGN_STYLE = Automatic;
				DEVELOPMENT_TEAM = 85FC4GXVG5;
				ENABLE_HARDENED_RUNTIME = YES;
				PRODUCT_NAME = "$(TARGET_NAME)";
			};
			name = Debug;
		};
		4193B2CC26C5F1F4002DE346 /* Release */ = {
			isa = XCBuildConfiguration;
			buildSettings = {
				CODE_SIGN_STYLE = Automatic;
				DEVELOPMENT_TEAM = 85FC4GXVG5;
				ENABLE_HARDENED_RUNTIME = YES;
				PRODUCT_NAME = "$(TARGET_NAME)";
			};
			name = Release;
		};
/* End XCBuildConfiguration section */

/* Begin XCConfigurationList section */
		4193B2BE26C5F1F4002DE346 /* Build configuration list for PBXProject "play03" */ = {
			isa = XCConfigurationList;
			buildConfigurations = (
				4193B2C826C5F1F4002DE346 /* Debug */,
				4193B2C926C5F1F4002DE346 /* Release */,
			);
			defaultConfigurationIsVisible = 0;
			defaultConfigurationName = Release;
		};
		4193B2CA26C5F1F4002DE346 /* Build configuration list for PBXNativeTarget "play03" */ = {
			isa = XCConfigurationList;
			buildConfigurations = (
				4193B2CB26C5F1F4002DE346 /* Debug */,
				4193B2CC26C5F1F4002DE346 /* Release */,
			);
			defaultConfigurationIsVisible = 0;
			defaultConfigurationName = Release;
		};
/* End XCConfigurationList section */
	};
	rootObject = 4193B2BB26C5F1F4002DE346 /* Project object */;
}
